
Microsoft Visual Studio Solution File, Format Version 12.00
# Visual Studio Version 16
VisualStudioVersion = 16.0.30621.155
MinimumVisualStudioVersion = 10.0.40219.1
Project("{9A19103F-16F7-4668-BE54-9A1E7A4F7556}") = "EADCA3", "EADCA3\EADCA3.csproj", "{24B033C0-C2C9-45FB-BED4-D3743DD60ED8}"
EndProject
Project("{FAE04EC0-301F-11D3-BF4B-00C04F79EFBC}") = "UnitTestProject1", "UnitTestProject1\UnitTestProject1.csproj", "{82AB8A2E-7848-41C8-A99E-9F9FFC584B44}"
EndProject
Global
	GlobalSection(SolutionConfigurationPlatforms) = preSolution
		Debug|Any CPU = Debug|Any CPU
		Release|Any CPU = Release|Any CPU
	EndGlobalSection
	GlobalSection(ProjectConfigurationPlatforms) = postSolution
		{24B033C0-C2C9-45FB-BED4-D3743DD60ED8}.Debug|Any CPU.ActiveCfg = Debug|Any CPU
		{24B033C0-C2C9-45FB-BED4-D3743DD60ED8}.Debug|Any CPU.Build.0 = Debug|Any CPU
		{24B033C0-C2C9-45FB-BED4-D3743DD60ED8}.Release|Any CPU.ActiveCfg = Release|Any CPU
		{24B033C0-C2C9-45FB-BED4-D3743DD60ED8}.Release|Any CPU.Build.0 = Release|Any CPU
		{82AB8A2E-7848-41C8-A99E-9F9FFC584B44}.Debug|Any CPU.ActiveCfg = Debug|Any CPU
		{82AB8A2E-7848-41C8-A99E-9F9FFC584B44}.Debug|Any CPU.Build.0 = Debug|Any CPU
		{82AB8A2E-7848-41C8-A99E-9F9FFC584B44}.Release|Any CPU.ActiveCfg = Release|Any CPU
		{82AB8A2E-7848-41C8-A99E-9F9FFC584B44}.Release|Any CPU.Build.0 = Release|Any CPU
	EndGlobalSection
	GlobalSection(SolutionProperties) = preSolution
		HideSolutionNode = FALSE
	EndGlobalSection
	GlobalSection(ExtensibilityGlobals) = postSolution
		SolutionGuid = {A4000EDC-7F8E-4F87-A186-63B704A52F36}
	EndGlobalSection
EndGlobal
